{
  "name": "local-diff-viewer",
  "version": "0.1.0",
  "lockfileVersion": 1,
  "requires": true,
  "dependencies": {
    "classnames": {
      "version": "2.2.5",
      "resolved": "https://registry.npmjs.org/classnames/-/classnames-2.2.5.tgz",
      "integrity": "sha1-+zgB1FNGdknvNgPH1hoCvRKb3m0="
    },
    "diff": {
      "version": "3.3.1",
      "resolved": "https://registry.npmjs.org/diff/-/diff-3.3.1.tgz",
      "integrity": "sha512-MKPHZDMB0o6yHyDryUOScqZibp914ksXwAMYMTHj6KO8UeKsRYNJD3oNCKjTqZon+V488P7N/HzXF8t7ZR95ww=="
    },
    "leven": {
      "version": "2.1.0",
      "resolved": "https://registry.npmjs.org/leven/-/leven-2.1.0.tgz",
      "integrity": "sha1-wuep93IJTe6dNCAq6KzORoeHVYA="
    },
    "lodash.escape": {
      "version": "4.0.1",
      "resolved": "https://registry.npmjs.org/lodash.escape/-/lodash.escape-4.0.1.tgz",
      "integrity": "sha1-yQRGkMIeBClL6qUXcS/e0fqI3pg="
    },
    "lodash.mapvalues": {
      "version": "4.6.0",
      "resolved": "https://registry.npmjs.org/lodash.mapvalues/-/lodash.mapvalues-4.6.0.tgz",
      "integrity": "sha1-G6+lAF3p3W9PJmaMMMo3IwzJaJw="
    },
    "parse-diff": {
      "version": "0.4.0",
      "resolved": "https://registry.npmjs.org/parse-diff/-/parse-diff-0.4.0.tgz",
      "integrity": "sha1-nONbzOj8C3xY9G1xETOU/AtJgt0="
    },
    "react-diff-view": {
      "version": "git+https://github.com/benallfree/react-diff-view.git#f3d53513aa1cfadcbfe9940574d61b039040769f",
      "requires": {
        "classnames": "2.2.5",
        "diff": "3.3.1",
        "leven": "2.1.0",
        "lodash.escape": "4.0.1",
        "lodash.mapvalues": "4.6.0",
        "parse-diff": "0.4.0"
      }
    }
  }
}
